
Microsoft Visual Studio Solution File, Format Version 12.00
# Visual Studio Version 17
VisualStudioVersion = 17.5.002.0
MinimumVisualStudioVersion = 10.0.40219.1
Project("{9A19103F-16F7-4668-BE54-9A1E7A4F7556}") = "Poker", "Poker.csproj", "{3D58025B-799E-416B-BF55-56124F50D826}"
EndProject
Global
	GlobalSection(SolutionConfigurationPlatforms) = preSolution
		Debug|Any CPU = Debug|Any CPU
		Release|Any CPU = Release|Any CPU
	EndGlobalSection
	GlobalSection(ProjectConfigurationPlatforms) = postSolution
		{3D58025B-799E-416B-BF55-56124F50D826}.Debug|Any CPU.ActiveCfg = Debug|Any CPU
		{3D58025B-799E-416B-BF55-56124F50D826}.Debug|Any CPU.Build.0 = Debug|Any CPU
		{3D58025B-799E-416B-BF55-56124F50D826}.Release|Any CPU.ActiveCfg = Release|Any CPU
		{3D58025B-799E-416B-BF55-56124F50D826}.Release|Any CPU.Build.0 = Release|Any CPU
	EndGlobalSection
	GlobalSection(SolutionProperties) = preSolution
		HideSolutionNode = FALSE
	EndGlobalSection
	GlobalSection(ExtensibilityGlobals) = postSolution
		SolutionGuid = {9CCF826F-AC39-473C-9854-84F602094987}
	EndGlobalSection
EndGlobal
